
Microsoft Visual Studio Solution File, Format Version 12.00
# Visual Studio 15
VisualStudioVersion = 15.0.28010.2036
MinimumVisualStudioVersion = 10.0.40219.1
Project("{9A19103F-16F7-4668-BE54-9A1E7A4F7556}") = "Sistema.Entidades", "Sistema.Entidades\Sistema.Entidades.csproj", "{1A718CBF-F64A-4A6D-8B81-153D7F73C563}"
EndProject
Project("{FAE04EC0-301F-11D3-BF4B-00C04F79EFBC}") = "Sistema.Datos", "Sistema.Datos\Sistema.Datos.csproj", "{89BE9F86-4046-4A40-8FF4-4FA058C2D7B9}"
EndProject
Project("{FAE04EC0-301F-11D3-BF4B-00C04F79EFBC}") = "Sistema.Web", "Sistema.Web\Sistema.Web.csproj", "{80B01294-82F9-4372-A083-114FB1FF8E5B}"
EndProject
Global
	GlobalSection(SolutionConfigurationPlatforms) = preSolution
		Debug|Any CPU = Debug|Any CPU
		Release|Any CPU = Release|Any CPU
	EndGlobalSection
	GlobalSection(ProjectConfigurationPlatforms) = postSolution
		{1A718CBF-F64A-4A6D-8B81-153D7F73C563}.Debug|Any CPU.ActiveCfg = Debug|Any CPU
		{1A718CBF-F64A-4A6D-8B81-153D7F73C563}.Debug|Any CPU.Build.0 = Debug|Any CPU
		{1A718CBF-F64A-4A6D-8B81-153D7F73C563}.Release|Any CPU.ActiveCfg = Release|Any CPU
		{1A718CBF-F64A-4A6D-8B81-153D7F73C563}.Release|Any CPU.Build.0 = Release|Any CPU
		{89BE9F86-4046-4A40-8FF4-4FA058C2D7B9}.Debug|Any CPU.ActiveCfg = Debug|Any CPU
		{89BE9F86-4046-4A40-8FF4-4FA058C2D7B9}.Debug|Any CPU.Build.0 = Debug|Any CPU
		{89BE9F86-4046-4A40-8FF4-4FA058C2D7B9}.Release|Any CPU.ActiveCfg = Release|Any CPU
		{89BE9F86-4046-4A40-8FF4-4FA058C2D7B9}.Release|Any CPU.Build.0 = Release|Any CPU
		{80B01294-82F9-4372-A083-114FB1FF8E5B}.Debug|Any CPU.ActiveCfg = Debug|Any CPU
		{80B01294-82F9-4372-A083-114FB1FF8E5B}.Debug|Any CPU.Build.0 = Debug|Any CPU
		{80B01294-82F9-4372-A083-114FB1FF8E5B}.Release|Any CPU.ActiveCfg = Release|Any CPU
		{80B01294-82F9-4372-A083-114FB1FF8E5B}.Release|Any CPU.Build.0 = Release|Any CPU
	EndGlobalSection
	GlobalSection(SolutionProperties) = preSolution
		HideSolutionNode = FALSE
	EndGlobalSection
	GlobalSection(ExtensibilityGlobals) = postSolution
		SolutionGuid = {51890064-9223-4864-B668-4E68D61CFE6F}
	EndGlobalSection
EndGlobal
